
Microsoft Visual Studio Solution File, Format Version 12.00
# Visual Studio Version 17
VisualStudioVersion = 17.2.32616.157
MinimumVisualStudioVersion = 10.0.40219.1
Project("{FAE04EC0-301F-11D3-BF4B-00C04F79EFBC}") = "FunctionApp", "FunctionApp\FunctionApp.csproj", "{1A930206-F0BD-4F06-8A61-CD1996726BDB}"
EndProject
Global
	GlobalSection(SolutionConfigurationPlatforms) = preSolution
		Debug|Any CPU = Debug|Any CPU
		Release|Any CPU = Release|Any CPU
	EndGlobalSection
	GlobalSection(ProjectConfigurationPlatforms) = postSolution
		{1A930206-F0BD-4F06-8A61-CD1996726BDB}.Debug|Any CPU.ActiveCfg = Debug|Any CPU
		{1A930206-F0BD-4F06-8A61-CD1996726BDB}.Debug|Any CPU.Build.0 = Debug|Any CPU
		{1A930206-F0BD-4F06-8A61-CD1996726BDB}.Release|Any CPU.ActiveCfg = Release|Any CPU
		{1A930206-F0BD-4F06-8A61-CD1996726BDB}.Release|Any CPU.Build.0 = Release|Any CPU
	EndGlobalSection
	GlobalSection(SolutionProperties) = preSolution
		HideSolutionNode = FALSE
	EndGlobalSection
	GlobalSection(ExtensibilityGlobals) = postSolution
		SolutionGuid = {9A2947D6-B14A-4A69-BEDF-A9E7407340C1}
	EndGlobalSection
EndGlobal
